// !$*UTF8*$!
{
	archiveVersion = 1;
	classes = {
	};
	objectVersion = 46;
	objects = {

/* Begin PBXBuildFile section */
		FE9D0DD517FABD0600F49258 /* Foundation.framework in Frameworks */ = {isa = PBXBuildFile; fileRef = FE9D0DD417FABD0600F49258 /* Foundation.framework */; };
		FE9D0DD717FABD0600F49258 /* CoreGraphics.framework in Frameworks */ = {isa = PBXBuildFile; fileRef = FE9D0DD617FABD0600F49258 /* CoreGraphics.framework */; };
		FE9D0DD917FABD0600F49258 /* UIKit.framework in Frameworks */ = {isa = PBXBuildFile; fileRef = FE9D0DD817FABD0600F49258 /* UIKit.framework */; };
		FE9D0DDF17FABD0600F49258 /* InfoPlist.strings in Resources */ = {isa = PBXBuildFile; fileRef = FE9D0DDD17FABD0600F49258 /* InfoPlist.strings */; };
		FE9D0DE117FABD0600F49258 /* main.m in Sources */ = {isa = PBXBuildFile; fileRef = FE9D0DE017FABD0600F49258 /* main.m */; };
		FE9D0DE517FABD0600F49258 /* AppDelegate.m in Sources */ = {isa = PBXBuildFile; fileRef = FE9D0DE417FABD0600F49258 /* AppDelegate.m */; };
		FE9D0DE817FABD0600F49258 /* Main.storyboard in Resources */ = {isa = PBXBuildFile; fileRef = FE9D0DE617FABD0600F49258 /* Main.storyboard */; };
		FE9D0DEB17FABD0600F49258 /* FirstViewController.m in Sources */ = {isa = PBXBuildFile; fileRef = FE9D0DEA17FABD0600F49258 /* FirstViewController.m */; };
		FE9D0DEE17FABD0600F49258 /* SecondViewController.m in Sources */ = {isa = PBXBuildFile; fileRef = FE9D0DED17FABD0600F49258 /* SecondViewController.m */; };
		FE9D0DF017FABD0600F49258 /* Images.xcassets in Resources */ = {isa = PBXBuildFile; fileRef = FE9D0DEF17FABD0600F49258 /* Images.xcassets */; };
		FE9D0DF717FABD0600F49258 /* XCTest.framework in Frameworks */ = {isa = PBXBuildFile; fileRef = FE9D0DF617FABD0600F49258 /* XCTest.framework */; };
		FE9D0DF817FABD0600F49258 /* Foundation.framework in Frameworks */ = {isa = PBXBuildFile; fileRef = FE9D0DD417FABD0600F49258 /* Foundation.framework */; };
		FE9D0DF917FABD0600F49258 /* UIKit.framework in Frameworks */ = {isa = PBXBuildFile; fileRef = FE9D0DD817FABD0600F49258 /* UIKit.framework */; };
		FE9D0E0117FABD0600F49258 /* InfoPlist.strings in Resources */ = {isa = PBXBuildFile; fileRef = FE9D0DFF17FABD0600F49258 /* InfoPlist.strings */; };
		FE9D0E0317FABD0600F49258 /* twitter_feeds_appTests.m in Sources */ = {isa = PBXBuildFile; fileRef = FE9D0E0217FABD0600F49258 /* twitter_feeds_appTests.m */; };
/* End PBXBuildFile section */

/* Begin PBXContainerItemProxy section */
		FE9D0DFA17FABD0600F49258 /* PBXContainerItemProxy */ = {
			isa = PBXContainerItemProxy;
			containerPortal = FE9D0DC917FABD0600F49258 /* Project object */;
			proxyType = 1;
			remoteGlobalIDString = FE9D0DD017FABD0600F49258;
			remoteInfo = "twitter-feeds-app";
		};
/* End PBXContainerItemProxy section */

/* Begin PBXFileReference section */
		FE9D0DD117FABD0600F49258 /* twitter-feeds-app.app */ = {isa = PBXFileReference; explicitFileType = wrapper.application; includeInIndex = 0; path = "twitter-feeds-app.app"; sourceTree = BUILT_PRODUCTS_DIR; };
		FE9D0DD417FABD0600F49258 /* Foundation.framework */ = {isa = PBXFileReference; lastKnownFileType = wrapper.framework; name = Foundation.framework; path = System/Library/Frameworks/Foundation.framework; sourceTree = SDKROOT; };
		FE9D0DD617FABD0600F49258 /* CoreGraphics.framework */ = {isa = PBXFileReference; lastKnownFileType = wrapper.framework; name = CoreGraphics.framework; path = System/Library/Frameworks/CoreGraphics.framework; sourceTree = SDKROOT; };
		FE9D0DD817FABD0600F49258 /* UIKit.framework */ = {isa = PBXFileReference; lastKnownFileType = wrapper.framework; name = UIKit.framework; path = System/Library/Frameworks/UIKit.framework; sourceTree = SDKROOT; };
		FE9D0DDC17FABD0600F49258 /* twitter-feeds-app-Info.plist */ = {isa = PBXFileReference; lastKnownFileType = text.plist.xml; path = "twitter-feeds-app-Info.plist"; sourceTree = "<group>"; };
		FE9D0DDE17FABD0600F49258 /* en */ = {isa = PBXFileReference; lastKnownFileType = text.plist.strings; name = en; path = en.lproj/InfoPlist.strings; sourceTree = "<group>"; };
		FE9D0DE017FABD0600F49258 /* main.m */ = {isa = PBXFileReference; lastKnownFileType = sourcecode.c.objc; path = main.m; sourceTree = "<group>"; };
		FE9D0DE217FABD0600F49258 /* twitter-feeds-app-Prefix.pch */ = {isa = PBXFileReference; lastKnownFileType = sourcecode.c.h; path = "twitter-feeds-app-Prefix.pch"; sourceTree = "<group>"; };
		FE9D0DE317FABD0600F49258 /* AppDelegate.h */ = {isa = PBXFileReference; lastKnownFileType = sourcecode.c.h; path = AppDelegate.h; sourceTree = "<group>"; };
		FE9D0DE417FABD0600F49258 /* AppDelegate.m */ = {isa = PBXFileReference; lastKnownFileType = sourcecode.c.objc; path = AppDelegate.m; sourceTree = "<group>"; };
		FE9D0DE717FABD0600F49258 /* Base */ = {isa = PBXFileReference; lastKnownFileType = file.storyboard; name = Base; path = Base.lproj/Main.storyboard; sourceTree = "<group>"; };
		FE9D0DE917FABD0600F49258 /* FirstViewController.h */ = {isa = PBXFileReference; lastKnownFileType = sourcecode.c.h; path = FirstViewController.h; sourceTree = "<group>"; };
		FE9D0DEA17FABD0600F49258 /* FirstViewController.m */ = {isa = PBXFileReference; lastKnownFileType = sourcecode.c.objc; path = FirstViewController.m; sourceTree = "<group>"; };
		FE9D0DEC17FABD0600F49258 /* SecondViewController.h */ = {isa = PBXFileReference; lastKnownFileType = sourcecode.c.h; path = SecondViewController.h; sourceTree = "<group>"; };
		FE9D0DED17FABD0600F49258 /* SecondViewController.m */ = {isa = PBXFileReference; lastKnownFileType = sourcecode.c.objc; path = SecondViewController.m; sourceTree = "<group>"; };
		FE9D0DEF17FABD0600F49258 /* Images.xcassets */ = {isa = PBXFileReference; lastKnownFileType = folder.assetcatalog; path = Images.xcassets; sourceTree = "<group>"; };
		FE9D0DF517FABD0600F49258 /* twitter-feeds-appTests.xctest */ = {isa = PBXFileReference; explicitFileType = wrapper.cfbundle; includeInIndex = 0; path = "twitter-feeds-appTests.xctest"; sourceTree = BUILT_PRODUCTS_DIR; };
		FE9D0DF617FABD0600F49258 /* XCTest.framework */ = {isa = PBXFileReference; lastKnownFileType = wrapper.framework; name = XCTest.framework; path = Library/Frameworks/XCTest.framework; sourceTree = DEVELOPER_DIR; };
		FE9D0DFE17FABD0600F49258 /* twitter-feeds-appTests-Info.plist */ = {isa = PBXFileReference; lastKnownFileType = text.plist.xml; path = "twitter-feeds-appTests-Info.plist"; sourceTree = "<group>"; };
		FE9D0E0017FABD0600F49258 /* en */ = {isa = PBXFileReference; lastKnownFileType = text.plist.strings; name = en; path = en.lproj/InfoPlist.strings; sourceTree = "<group>"; };
		FE9D0E0217FABD0600F49258 /* twitter_feeds_appTests.m */ = {isa = PBXFileReference; lastKnownFileType = sourcecode.c.objc; path = twitter_feeds_appTests.m; sourceTree = "<group>"; };
/* End PBXFileReference section */

/* Begin PBXFrameworksBuildPhase section */
		FE9D0DCE17FABD0600F49258 /* Frameworks */ = {
			isa = PBXFrameworksBuildPhase;
			buildActionMask = 2147483647;
			files = (
				FE9D0DD717FABD0600F49258 /* CoreGraphics.framework in Frameworks */,
				FE9D0DD917FABD0600F49258 /* UIKit.framework in Frameworks */,
				FE9D0DD517FABD0600F49258 /* Foundation.framework in Frameworks */,
			);
			runOnlyForDeploymentPostprocessing = 0;
		};
		FE9D0DF217FABD0600F49258 /* Frameworks */ = {
			isa = PBXFrameworksBuildPhase;
			buildActionMask = 2147483647;
			files = (
				FE9D0DF717FABD0600F49258 /* XCTest.framework in Frameworks */,
				FE9D0DF917FABD0600F49258 /* UIKit.framework in Frameworks */,
				FE9D0DF817FABD0600F49258 /* Foundation.framework in Frameworks */,
			);
			runOnlyForDeploymentPostprocessing = 0;
		};
/* End PBXFrameworksBuildPhase section */

/* Begin PBXGroup section */
		FE9D0DC817FABD0600F49258 = {
			isa = PBXGroup;
			children = (
				FE9D0DDA17FABD0600F49258 /* twitter-feeds-app */,
				FE9D0DFC17FABD0600F49258 /* twitter-feeds-appTests */,
				FE9D0DD317FABD0600F49258 /* Frameworks */,
				FE9D0DD217FABD0600F49258 /* Products */,
			);
			sourceTree = "<group>";
		};
		FE9D0DD217FABD0600F49258 /* Products */ = {
			isa = PBXGroup;
			children = (
				FE9D0DD117FABD0600F49258 /* twitter-feeds-app.app */,
				FE9D0DF517FABD0600F49258 /* twitter-feeds-appTests.xctest */,
			);
			name = Products;
			sourceTree = "<group>";
		};
		FE9D0DD317FABD0600F49258 /* Frameworks */ = {
			isa = PBXGroup;
			children = (
				FE9D0DD417FABD0600F49258 /* Foundation.framework */,
				FE9D0DD617FABD0600F49258 /* CoreGraphics.framework */,
				FE9D0DD817FABD0600F49258 /* UIKit.framework */,
				FE9D0DF617FABD0600F49258 /* XCTest.framework */,
			);
			name = Frameworks;
			sourceTree = "<group>";
		};
		FE9D0DDA17FABD0600F49258 /* twitter-feeds-app */ = {
			isa = PBXGroup;
			children = (
				FE9D0DE317FABD0600F49258 /* AppDelegate.h */,
				FE9D0DE417FABD0600F49258 /* AppDelegate.m */,
				FE9D0DE617FABD0600F49258 /* Main.storyboard */,
				FE9D0DE917FABD0600F49258 /* FirstViewController.h */,
				FE9D0DEA17FABD0600F49258 /* FirstViewController.m */,
				FE9D0DEC17FABD0600F49258 /* SecondViewController.h */,
				FE9D0DED17FABD0600F49258 /* SecondViewController.m */,
				FE9D0DEF17FABD0600F49258 /* Images.xcassets */,
				FE9D0DDB17FABD0600F49258 /* Supporting Files */,
			);
			path = "twitter-feeds-app";
			sourceTree = "<group>";
		};
		FE9D0DDB17FABD0600F49258 /* Supporting Files */ = {
			isa = PBXGroup;
			children = (
				FE9D0DDC17FABD0600F49258 /* twitter-feeds-app-Info.plist */,
				FE9D0DDD17FABD0600F49258 /* InfoPlist.strings */,
				FE9D0DE017FABD0600F49258 /* main.m */,
				FE9D0DE217FABD0600F49258 /* twitter-feeds-app-Prefix.pch */,
			);
			name = "Supporting Files";
			sourceTree = "<group>";
		};
		FE9D0DFC17FABD0600F49258 /* twitter-feeds-appTests */ = {
			isa = PBXGroup;
			children = (
				FE9D0E0217FABD0600F49258 /* twitter_feeds_appTests.m */,
				FE9D0DFD17FABD0600F49258 /* Supporting Files */,
			);
			path = "twitter-feeds-appTests";
			sourceTree = "<group>";
		};
		FE9D0DFD17FABD0600F49258 /* Supporting Files */ = {
			isa = PBXGroup;
			children = (
				FE9D0DFE17FABD0600F49258 /* twitter-feeds-appTests-Info.plist */,
				FE9D0DFF17FABD0600F49258 /* InfoPlist.strings */,
			);
			name = "Supporting Files";
			sourceTree = "<group>";
		};
/* End PBXGroup section */

/* Begin PBXNativeTarget section */
		FE9D0DD017FABD0600F49258 /* twitter-feeds-app */ = {
			isa = PBXNativeTarget;
			buildConfigurationList = FE9D0E0617FABD0600F49258 /* Build configuration list for PBXNativeTarget "twitter-feeds-app" */;
			buildPhases = (
				FE9D0DCD17FABD0600F49258 /* Sources */,
				FE9D0DCE17FABD0600F49258 /* Frameworks */,
				FE9D0DCF17FABD0600F49258 /* Resources */,
			);
			buildRules = (
			);
			dependencies = (
			);
			name = "twitter-feeds-app";
			productName = "twitter-feeds-app";
			productReference = FE9D0DD117FABD0600F49258 /* twitter-feeds-app.app */;
			productType = "com.apple.product-type.application";
		};
		FE9D0DF417FABD0600F49258 /* twitter-feeds-appTests */ = {
			isa = PBXNativeTarget;
			buildConfigurationList = FE9D0E0917FABD0600F49258 /* Build configuration list for PBXNativeTarget "twitter-feeds-appTests" */;
			buildPhases = (
				FE9D0DF117FABD0600F49258 /* Sources */,
				FE9D0DF217FABD0600F49258 /* Frameworks */,
				FE9D0DF317FABD0600F49258 /* Resources */,
			);
			buildRules = (
			);
			dependencies = (
				FE9D0DFB17FABD0600F49258 /* PBXTargetDependency */,
			);
			name = "twitter-feeds-appTests";
			productName = "twitter-feeds-appTests";
			productReference = FE9D0DF517FABD0600F49258 /* twitter-feeds-appTests.xctest */;
			productType = "com.apple.product-type.bundle.unit-test";
		};
/* End PBXNativeTarget section */

/* Begin PBXProject section */
		FE9D0DC917FABD0600F49258 /* Project object */ = {
			isa = PBXProject;
			attributes = {
				LastUpgradeCheck = 0500;
				ORGANIZATIONNAME = khaled;
				TargetAttributes = {
					FE9D0DF417FABD0600F49258 = {
						TestTargetID = FE9D0DD017FABD0600F49258;
					};
				};
			};
			buildConfigurationList = FE9D0DCC17FABD0600F49258 /* Build configuration list for PBXProject "twitter-feeds-app" */;
			compatibilityVersion = "Xcode 3.2";
			developmentRegion = English;
			hasScannedForEncodings = 0;
			knownRegions = (
				en,
				Base,
			);
			mainGroup = FE9D0DC817FABD0600F49258;
			productRefGroup = FE9D0DD217FABD0600F49258 /* Products */;
			projectDirPath = "";
			projectRoot = "";
			targets = (
				FE9D0DD017FABD0600F49258 /* twitter-feeds-app */,
				FE9D0DF417FABD0600F49258 /* twitter-feeds-appTests */,
			);
		};
/* End PBXProject section */

/* Begin PBXResourcesBuildPhase section */
		FE9D0DCF17FABD0600F49258 /* Resources */ = {
			isa = PBXResourcesBuildPhase;
			buildActionMask = 2147483647;
			files = (
				FE9D0DF017FABD0600F49258 /* Images.xcassets in Resources */,
				FE9D0DDF17FABD0600F49258 /* InfoPlist.strings in Resources */,
				FE9D0DE817FABD0600F49258 /* Main.storyboard in Resources */,
			);
			runOnlyForDeploymentPostprocessing = 0;
		};
		FE9D0DF317FABD0600F49258 /* Resources */ = {
			isa = PBXResourcesBuildPhase;
			buildActionMask = 2147483647;
			files = (
				FE9D0E0117FABD0600F49258 /* InfoPlist.strings in Resources */,
			);
			runOnlyForDeploymentPostprocessing = 0;
		};
/* End PBXResourcesBuildPhase section */

/* Begin PBXSourcesBuildPhase section */
		FE9D0DCD17FABD0600F49258 /* Sources */ = {
			isa = PBXSourcesBuildPhase;
			buildActionMask = 2147483647;
			files = (
				FE9D0DEE17FABD0600F49258 /* SecondViewController.m in Sources */,
				FE9D0DE517FABD0600F49258 /* AppDelegate.m in Sources */,
				FE9D0DEB17FABD0600F49258 /* FirstViewController.m in Sources */,
				FE9D0DE117FABD0600F49258 /* main.m in Sources */,
			);
			runOnlyForDeploymentPostprocessing = 0;
		};
		FE9D0DF117FABD0600F49258 /* Sources */ = {
			isa = PBXSourcesBuildPhase;
			buildActionMask = 2147483647;
			files = (
				FE9D0E0317FABD0600F49258 /* twitter_feeds_appTests.m in Sources */,
			);
			runOnlyForDeploymentPostprocessing = 0;
		};
/* End PBXSourcesBuildPhase section */

/* Begin PBXTargetDependency section */
		FE9D0DFB17FABD0600F49258 /* PBXTargetDependency */ = {
			isa = PBXTargetDependency;
			target = FE9D0DD017FABD0600F49258 /* twitter-feeds-app */;
			targetProxy = FE9D0DFA17FABD0600F49258 /* PBXContainerItemProxy */;
		};
/* End PBXTargetDependency section */

/* Begin PBXVariantGroup section */
		FE9D0DDD17FABD0600F49258 /* InfoPlist.strings */ = {
			isa = PBXVariantGroup;
			children = (
				FE9D0DDE17FABD0600F49258 /* en */,
			);
			name = InfoPlist.strings;
			sourceTree = "<group>";
		};
		FE9D0DE617FABD0600F49258 /* Main.storyboard */ = {
			isa = PBXVariantGroup;
			children = (
				FE9D0DE717FABD0600F49258 /* Base */,
			);
			name = Main.storyboard;
			sourceTree = "<group>";
		};
		FE9D0DFF17FABD0600F49258 /* InfoPlist.strings */ = {
			isa = PBXVariantGroup;
			children = (
				FE9D0E0017FABD0600F49258 /* en */,
			);
			name = InfoPlist.strings;
			sourceTree = "<group>";
		};
/* End PBXVariantGroup section */

/* Begin XCBuildConfiguration section */
		FE9D0E0417FABD0600F49258 /* Debug */ = {
			isa = XCBuildConfiguration;
			buildSettings = {
				ALWAYS_SEARCH_USER_PATHS = NO;
				ARCHS = "$(ARCHS_STANDARD_INCLUDING_64_BIT)";
				CLANG_CXX_LANGUAGE_STANDARD = "gnu++0x";
				CLANG_CXX_LIBRARY = "libc++";
				CLANG_ENABLE_MODULES = YES;
				CLANG_ENABLE_OBJC_ARC = YES;
				CLANG_WARN_BOOL_CONVERSION = YES;
				CLANG_WARN_CONSTANT_CONVERSION = YES;
				CLANG_WARN_DIRECT_OBJC_ISA_USAGE = YES_ERROR;
				CLANG_WARN_EMPTY_BODY = YES;
				CLANG_WARN_ENUM_CONVERSION = YES;
				CLANG_WARN_INT_CONVERSION = YES;
				CLANG_WARN_OBJC_ROOT_CLASS = YES_ERROR;
				CLANG_WARN__DUPLICATE_METHOD_MATCH = YES;
				"CODE_SIGN_IDENTITY[sdk=iphoneos*]" = "iPhone Developer";
				COPY_PHASE_STRIP = NO;
				GCC_C_LANGUAGE_STANDARD = gnu99;
				GCC_DYNAMIC_NO_PIC = NO;
				GCC_OPTIMIZATION_LEVEL = 0;
				GCC_PREPROCESSOR_DEFINITIONS = (
					"DEBUG=1",
					"$(inherited)",
				);
				GCC_SYMBOLS_PRIVATE_EXTERN = NO;
				GCC_WARN_64_TO_32_BIT_CONVERSION = YES;
				GCC_WARN_ABOUT_RETURN_TYPE = YES_ERROR;
				GCC_WARN_UNDECLARED_SELECTOR = YES;
				GCC_WARN_UNINITIALIZED_AUTOS = YES;
				GCC_WARN_UNUSED_FUNCTION = YES;
				GCC_WARN_UNUSED_VARIABLE = YES;
				IPHONEOS_DEPLOYMENT_TARGET = 7.0;
				ONLY_ACTIVE_ARCH = YES;
				SDKROOT = iphoneos;
			};
			name = Debug;
		};
		FE9D0E0517FABD0600F49258 /* Release */ = {
			isa = XCBuildConfiguration;
			buildSettings = {
				ALWAYS_SEARCH_USER_PATHS = NO;
				ARCHS = "$(ARCHS_STANDARD_INCLUDING_64_BIT)";
				CLANG_CXX_LANGUAGE_STANDARD = "gnu++0x";
				CLANG_CXX_LIBRARY = "libc++";
				CLANG_ENABLE_MODULES = YES;
				CLANG_ENABLE_OBJC_ARC = YES;
				CLANG_WARN_BOOL_CONVERSION = YES;
				CLANG_WARN_CONSTANT_CONVERSION = YES;
				CLANG_WARN_DIRECT_OBJC_ISA_USAGE = YES_ERROR;
				CLANG_WARN_EMPTY_BODY = YES;
				CLANG_WARN_ENUM_CONVERSION = YES;
				CLANG_WARN_INT_CONVERSION = YES;
				CLANG_WARN_OBJC_ROOT_CLASS = YES_ERROR;
				CLANG_WARN__DUPLICATE_METHOD_MATCH = YES;
				"CODE_SIGN_IDENTITY[sdk=iphoneos*]" = "iPhone Developer";
				COPY_PHASE_STRIP = YES;
				ENABLE_NS_ASSERTIONS = NO;
				GCC_C_LANGUAGE_STANDARD = gnu99;
				GCC_WARN_64_TO_32_BIT_CONVERSION = YES;
				GCC_WARN_ABOUT_RETURN_TYPE = YES_ERROR;
				GCC_WARN_UNDECLARED_SELECTOR = YES;
				GCC_WARN_UNINITIALIZED_AUTOS = YES;
				GCC_WARN_UNUSED_FUNCTION = YES;
				GCC_WARN_UNUSED_VARIABLE = YES;
				IPHONEOS_DEPLOYMENT_TARGET = 7.0;
				SDKROOT = iphoneos;
				VALIDATE_PRODUCT = YES;
			};
			name = Release;
		};
		FE9D0E0717FABD0600F49258 /* Debug */ = {
			isa = XCBuildConfiguration;
			buildSettings = {
				ASSETCATALOG_COMPILER_APPICON_NAME = AppIcon;
				ASSETCATALOG_COMPILER_LAUNCHIMAGE_NAME = LaunchImage;
				GCC_PRECOMPILE_PREFIX_HEADER = YES;
				GCC_PREFIX_HEADER = "twitter-feeds-app/twitter-feeds-app-Prefix.pch";
				INFOPLIST_FILE = "twitter-feeds-app/twitter-feeds-app-Info.plist";
				PRODUCT_NAME = "$(TARGET_NAME)";
				WRAPPER_EXTENSION = app;
			};
			name = Debug;
		};
		FE9D0E0817FABD0600F49258 /* Release */ = {
			isa = XCBuildConfiguration;
			buildSettings = {
				ASSETCATALOG_COMPILER_APPICON_NAME = AppIcon;
				ASSETCATALOG_COMPILER_LAUNCHIMAGE_NAME = LaunchImage;
				GCC_PRECOMPILE_PREFIX_HEADER = YES;
				GCC_PREFIX_HEADER = "twitter-feeds-app/twitter-feeds-app-Prefix.pch";
				INFOPLIST_FILE = "twitter-feeds-app/twitter-feeds-app-Info.plist";
				PRODUCT_NAME = "$(TARGET_NAME)";
				WRAPPER_EXTENSION = app;
			};
			name = Release;
		};
		FE9D0E0A17FABD0600F49258 /* Debug */ = {
			isa = XCBuildConfiguration;
			buildSettings = {
				ARCHS = "$(ARCHS_STANDARD_INCLUDING_64_BIT)";
				BUNDLE_LOADER = "$(BUILT_PRODUCTS_DIR)/twitter-feeds-app.app/twitter-feeds-app";
				FRAMEWORK_SEARCH_PATHS = (
					"$(SDKROOT)/Developer/Library/Frameworks",
					"$(inherited)",
					"$(DEVELOPER_FRAMEWORKS_DIR)",
				);
				GCC_PRECOMPILE_PREFIX_HEADER = YES;
				GCC_PREFIX_HEADER = "twitter-feeds-app/twitter-feeds-app-Prefix.pch";
				GCC_PREPROCESSOR_DEFINITIONS = (
					"DEBUG=1",
					"$(inherited)",
				);
				INFOPLIST_FILE = "twitter-feeds-appTests/twitter-feeds-appTests-Info.plist";
				PRODUCT_NAME = "$(TARGET_NAME)";
				TEST_HOST = "$(BUNDLE_LOADER)";
				WRAPPER_EXTENSION = xctest;
			};
			name = Debug;
		};
		FE9D0E0B17FABD0600F49258 /* Release */ = {
			isa = XCBuildConfiguration;
			buildSettings = {
				ARCHS = "$(ARCHS_STANDARD_INCLUDING_64_BIT)";
				BUNDLE_LOADER = "$(BUILT_PRODUCTS_DIR)/twitter-feeds-app.app/twitter-feeds-app";
				FRAMEWORK_SEARCH_PATHS = (
					"$(SDKROOT)/Developer/Library/Frameworks",
					"$(inherited)",
					"$(DEVELOPER_FRAMEWORKS_DIR)",
				);
				GCC_PRECOMPILE_PREFIX_HEADER = YES;
				GCC_PREFIX_HEADER = "twitter-feeds-app/twitter-feeds-app-Prefix.pch";
				INFOPLIST_FILE = "twitter-feeds-appTests/twitter-feeds-appTests-Info.plist";
				PRODUCT_NAME = "$(TARGET_NAME)";
				TEST_HOST = "$(BUNDLE_LOADER)";
				WRAPPER_EXTENSION = xctest;
			};
			name = Release;
		};
/* End XCBuildConfiguration section */

/* Begin XCConfigurationList section */
		FE9D0DCC17FABD0600F49258 /* Build configuration list for PBXProject "twitter-feeds-app" */ = {
			isa = XCConfigurationList;
			buildConfigurations = (
				FE9D0E0417FABD0600F49258 /* Debug */,
				FE9D0E0517FABD0600F49258 /* Release */,
			);
			defaultConfigurationIsVisible = 0;
			defaultConfigurationName = Release;
		};
		FE9D0E0617FABD0600F49258 /* Build configuration list for PBXNativeTarget "twitter-feeds-app" */ = {
			isa = XCConfigurationList;
			buildConfigurations = (
				FE9D0E0717FABD0600F49258 /* Debug */,
				FE9D0E0817FABD0600F49258 /* Release */,
			);
			defaultConfigurationIsVisible = 0;
		};
		FE9D0E0917FABD0600F49258 /* Build configuration list for PBXNativeTarget "twitter-feeds-appTests" */ = {
			isa = XCConfigurationList;
			buildConfigurations = (
				FE9D0E0A17FABD0600F49258 /* Debug */,
				FE9D0E0B17FABD0600F49258 /* Release */,
			);
			defaultConfigurationIsVisible = 0;
		};
/* End XCConfigurationList section */
	};
	rootObject = FE9D0DC917FABD0600F49258 /* Project object */;
}
